// !$*UTF8*$!
{
	archiveVersion = 1;
	classes = {
	};
	objectVersion = 50;
	objects = {

/* Begin PBXBuildFile section */
		691616EF2379D067006C313D /* AppDelegate.swift in Sources */ = {isa = PBXBuildFile; fileRef = 691616EE2379D067006C313D /* AppDelegate.swift */; };
		691616F12379D067006C313D /* ViewController.swift in Sources */ = {isa = PBXBuildFile; fileRef = 691616F02379D067006C313D /* ViewController.swift */; };
		691616F42379D068006C313D /* Main.storyboard in Resources */ = {isa = PBXBuildFile; fileRef = 691616F22379D068006C313D /* Main.storyboard */; };
		691616F62379D06D006C313D /* Assets.xcassets in Resources */ = {isa = PBXBuildFile; fileRef = 691616F52379D06D006C313D /* Assets.xcassets */; };
		691616F92379D06D006C313D /* LaunchScreen.storyboard in Resources */ = {isa = PBXBuildFile; fileRef = 691616F72379D06D006C313D /* LaunchScreen.storyboard */; };
		691617042379D06D006C313D /* RooqByteTests.swift in Sources */ = {isa = PBXBuildFile; fileRef = 691617032379D06D006C313D /* RooqByteTests.swift */; };
		6916170F2379D06D006C313D /* RooqByteUITests.swift in Sources */ = {isa = PBXBuildFile; fileRef = 6916170E2379D06D006C313D /* RooqByteUITests.swift */; };
/* End PBXBuildFile section */

/* Begin PBXContainerItemProxy section */
		691617002379D06D006C313D /* PBXContainerItemProxy */ = {
			isa = PBXContainerItemProxy;
			containerPortal = 691616E32379D067006C313D /* Project object */;
			proxyType = 1;
			remoteGlobalIDString = 691616EA2379D067006C313D;
			remoteInfo = RooqByte;
		};
		6916170B2379D06D006C313D /* PBXContainerItemProxy */ = {
			isa = PBXContainerItemProxy;
			containerPortal = 691616E32379D067006C313D /* Project object */;
			proxyType = 1;
			remoteGlobalIDString = 691616EA2379D067006C313D;
			remoteInfo = RooqByte;
		};
/* End PBXContainerItemProxy section */

/* Begin PBXFileReference section */
		691616EB2379D067006C313D /* RooqByte.app */ = {isa = PBXFileReference; explicitFileType = wrapper.application; includeInIndex = 0; path = RooqByte.app; sourceTree = BUILT_PRODUCTS_DIR; };
		691616EE2379D067006C313D /* AppDelegate.swift */ = {isa = PBXFileReference; lastKnownFileType = sourcecode.swift; path = AppDelegate.swift; sourceTree = "<group>"; };
		691616F02379D067006C313D /* ViewController.swift */ = {isa = PBXFileReference; lastKnownFileType = sourcecode.swift; path = ViewController.swift; sourceTree = "<group>"; };
		691616F32379D068006C313D /* Base */ = {isa = PBXFileReference; lastKnownFileType = file.storyboard; name = Base; path = Base.lproj/Main.storyboard; sourceTree = "<group>"; };
		691616F52379D06D006C313D /* Assets.xcassets */ = {isa = PBXFileReference; lastKnownFileType = folder.assetcatalog; path = Assets.xcassets; sourceTree = "<group>"; };
		691616F82379D06D006C313D /* Base */ = {isa = PBXFileReference; lastKnownFileType = file.storyboard; name = Base; path = Base.lproj/LaunchScreen.storyboard; sourceTree = "<group>"; };
		691616FA2379D06D006C313D /* Info.plist */ = {isa = PBXFileReference; lastKnownFileType = text.plist.xml; path = Info.plist; sourceTree = "<group>"; };
		691616FF2379D06D006C313D /* RooqByteTests.xctest */ = {isa = PBXFileReference; explicitFileType = wrapper.cfbundle; includeInIndex = 0; path = RooqByteTests.xctest; sourceTree = BUILT_PRODUCTS_DIR; };
		691617032379D06D006C313D /* RooqByteTests.swift */ = {isa = PBXFileReference; lastKnownFileType = sourcecode.swift; path = RooqByteTests.swift; sourceTree = "<group>"; };
		691617052379D06D006C313D /* Info.plist */ = {isa = PBXFileReference; lastKnownFileType = text.plist.xml; path = Info.plist; sourceTree = "<group>"; };
		6916170A2379D06D006C313D /* RooqByteUITests.xctest */ = {isa = PBXFileReference; explicitFileType = wrapper.cfbundle; includeInIndex = 0; path = RooqByteUITests.xctest; sourceTree = BUILT_PRODUCTS_DIR; };
		6916170E2379D06D006C313D /* RooqByteUITests.swift */ = {isa = PBXFileReference; lastKnownFileType = sourcecode.swift; path = RooqByteUITests.swift; sourceTree = "<group>"; };
		691617102379D06D006C313D /* Info.plist */ = {isa = PBXFileReference; lastKnownFileType = text.plist.xml; path = Info.plist; sourceTree = "<group>"; };
/* End PBXFileReference section */

/* Begin PBXFrameworksBuildPhase section */
		691616E82379D067006C313D /* Frameworks */ = {
			isa = PBXFrameworksBuildPhase;
			buildActionMask = 2147483647;
			files = (
			);
			runOnlyForDeploymentPostprocessing = 0;
		};
		691616FC2379D06D006C313D /* Frameworks */ = {
			isa = PBXFrameworksBuildPhase;
			buildActionMask = 2147483647;
			files = (
			);
			runOnlyForDeploymentPostprocessing = 0;
		};
		691617072379D06D006C313D /* Frameworks */ = {
			isa = PBXFrameworksBuildPhase;
			buildActionMask = 2147483647;
			files = (
			);
			runOnlyForDeploymentPostprocessing = 0;
		};
/* End PBXFrameworksBuildPhase section */

/* Begin PBXGroup section */
		691616E22379D067006C313D = {
			isa = PBXGroup;
			children = (
				691616ED2379D067006C313D /* RooqByte */,
				691617022379D06D006C313D /* RooqByteTests */,
				6916170D2379D06D006C313D /* RooqByteUITests */,
				691616EC2379D067006C313D /* Products */,
			);
			sourceTree = "<group>";
		};
		691616EC2379D067006C313D /* Products */ = {
			isa = PBXGroup;
			children = (
				691616EB2379D067006C313D /* RooqByte.app */,
				691616FF2379D06D006C313D /* RooqByteTests.xctest */,
				6916170A2379D06D006C313D /* RooqByteUITests.xctest */,
			);
			name = Products;
			sourceTree = "<group>";
		};
		691616ED2379D067006C313D /* RooqByte */ = {
			isa = PBXGroup;
			children = (
				691616EE2379D067006C313D /* AppDelegate.swift */,
				691616F02379D067006C313D /* ViewController.swift */,
				691616F22379D068006C313D /* Main.storyboard */,
				691616F52379D06D006C313D /* Assets.xcassets */,
				691616F72379D06D006C313D /* LaunchScreen.storyboard */,
				691616FA2379D06D006C313D /* Info.plist */,
			);
			path = RooqByte;
			sourceTree = "<group>";
		};
		691617022379D06D006C313D /* RooqByteTests */ = {
			isa = PBXGroup;
			children = (
				691617032379D06D006C313D /* RooqByteTests.swift */,
				691617052379D06D006C313D /* Info.plist */,
			);
			path = RooqByteTests;
			sourceTree = "<group>";
		};
		6916170D2379D06D006C313D /* RooqByteUITests */ = {
			isa = PBXGroup;
			children = (
				6916170E2379D06D006C313D /* RooqByteUITests.swift */,
				691617102379D06D006C313D /* Info.plist */,
			);
			path = RooqByteUITests;
			sourceTree = "<group>";
		};
/* End PBXGroup section */

/* Begin PBXNativeTarget section */
		691616EA2379D067006C313D /* RooqByte */ = {
			isa = PBXNativeTarget;
			buildConfigurationList = 691617132379D06D006C313D /* Build configuration list for PBXNativeTarget "RooqByte" */;
			buildPhases = (
				691616E72379D067006C313D /* Sources */,
				691616E82379D067006C313D /* Frameworks */,
				691616E92379D067006C313D /* Resources */,
			);
			buildRules = (
			);
			dependencies = (
			);
			name = RooqByte;
			productName = RooqByte;
			productReference = 691616EB2379D067006C313D /* RooqByte.app */;
			productType = "com.apple.product-type.application";
		};
		691616FE2379D06D006C313D /* RooqByteTests */ = {
			isa = PBXNativeTarget;
			buildConfigurationList = 691617162379D06D006C313D /* Build configuration list for PBXNativeTarget "RooqByteTests" */;
			buildPhases = (
				691616FB2379D06D006C313D /* Sources */,
				691616FC2379D06D006C313D /* Frameworks */,
				691616FD2379D06D006C313D /* Resources */,
			);
			buildRules = (
			);
			dependencies = (
				691617012379D06D006C313D /* PBXTargetDependency */,
			);
			name = RooqByteTests;
			productName = RooqByteTests;
			productReference = 691616FF2379D06D006C313D /* RooqByteTests.xctest */;
			productType = "com.apple.product-type.bundle.unit-test";
		};
		691617092379D06D006C313D /* RooqByteUITests */ = {
			isa = PBXNativeTarget;
			buildConfigurationList = 691617192379D06D006C313D /* Build configuration list for PBXNativeTarget "RooqByteUITests" */;
			buildPhases = (
				691617062379D06D006C313D /* Sources */,
				691617072379D06D006C313D /* Frameworks */,
				691617082379D06D006C313D /* Resources */,
			);
			buildRules = (
			);
			dependencies = (
				6916170C2379D06D006C313D /* PBXTargetDependency */,
			);
			name = RooqByteUITests;
			productName = RooqByteUITests;
			productReference = 6916170A2379D06D006C313D /* RooqByteUITests.xctest */;
			productType = "com.apple.product-type.bundle.ui-testing";
		};
/* End PBXNativeTarget section */

/* Begin PBXProject section */
		691616E32379D067006C313D /* Project object */ = {
			isa = PBXProject;
			attributes = {
				LastSwiftUpdateCheck = 1000;
				LastUpgradeCheck = 1000;
				ORGANIZATIONNAME = didiere;
				TargetAttributes = {
					691616EA2379D067006C313D = {
						CreatedOnToolsVersion = 10.0;
					};
					691616FE2379D06D006C313D = {
						CreatedOnToolsVersion = 10.0;
						TestTargetID = 691616EA2379D067006C313D;
					};
					691617092379D06D006C313D = {
						CreatedOnToolsVersion = 10.0;
						TestTargetID = 691616EA2379D067006C313D;
					};
				};
			};
			buildConfigurationList = 691616E62379D067006C313D /* Build configuration list for PBXProject "RooqByte" */;
			compatibilityVersion = "Xcode 9.3";
			developmentRegion = en;
			hasScannedForEncodings = 0;
			knownRegions = (
				en,
				Base,
			);
			mainGroup = 691616E22379D067006C313D;
			productRefGroup = 691616EC2379D067006C313D /* Products */;
			projectDirPath = "";
			projectRoot = "";
			targets = (
				691616EA2379D067006C313D /* RooqByte */,
				691616FE2379D06D006C313D /* RooqByteTests */,
				691617092379D06D006C313D /* RooqByteUITests */,
			);
		};
/* End PBXProject section */

/* Begin PBXResourcesBuildPhase section */
		691616E92379D067006C313D /* Resources */ = {
			isa = PBXResourcesBuildPhase;
			buildActionMask = 2147483647;
			files = (
				691616F92379D06D006C313D /* LaunchScreen.storyboard in Resources */,
				691616F62379D06D006C313D /* Assets.xcassets in Resources */,
				691616F42379D068006C313D /* Main.storyboard in Resources */,
			);
			runOnlyForDeploymentPostprocessing = 0;
		};
		691616FD2379D06D006C313D /* Resources */ = {
			isa = PBXResourcesBuildPhase;
			buildActionMask = 2147483647;
			files = (
			);
			runOnlyForDeploymentPostprocessing = 0;
		};
		691617082379D06D006C313D /* Resources */ = {
			isa = PBXResourcesBuildPhase;
			buildActionMask = 2147483647;
			files = (
			);
			runOnlyForDeploymentPostprocessing = 0;
		};
/* End PBXResourcesBuildPhase section */

/* Begin PBXSourcesBuildPhase section */
		691616E72379D067006C313D /* Sources */ = {
			isa = PBXSourcesBuildPhase;
			buildActionMask = 2147483647;
			files = (
				691616F12379D067006C313D /* ViewController.swift in Sources */,
				691616EF2379D067006C313D /* AppDelegate.swift in Sources */,
			);
			runOnlyForDeploymentPostprocessing = 0;
		};
		691616FB2379D06D006C313D /* Sources */ = {
			isa = PBXSourcesBuildPhase;
			buildActionMask = 2147483647;
			files = (
				691617042379D06D006C313D /* RooqByteTests.swift in Sources */,
			);
			runOnlyForDeploymentPostprocessing = 0;
		};
		691617062379D06D006C313D /* Sources */ = {
			isa = PBXSourcesBuildPhase;
			buildActionMask = 2147483647;
			files = (
				6916170F2379D06D006C313D /* RooqByteUITests.swift in Sources */,
			);
			runOnlyForDeploymentPostprocessing = 0;
		};
/* End PBXSourcesBuildPhase section */

/* Begin PBXTargetDependency section */
		691617012379D06D006C313D /* PBXTargetDependency */ = {
			isa = PBXTargetDependency;
			target = 691616EA2379D067006C313D /* RooqByte */;
			targetProxy = 691617002379D06D006C313D /* PBXContainerItemProxy */;
		};
		6916170C2379D06D006C313D /* PBXTargetDependency */ = {
			isa = PBXTargetDependency;
			target = 691616EA2379D067006C313D /* RooqByte */;
			targetProxy = 6916170B2379D06D006C313D /* PBXContainerItemProxy */;
		};
/* End PBXTargetDependency section */

/* Begin PBXVariantGroup section */
		691616F22379D068006C313D /* Main.storyboard */ = {
			isa = PBXVariantGroup;
			children = (
				691616F32379D068006C313D /* Base */,
			);
			name = Main.storyboard;
			sourceTree = "<group>";
		};
		691616F72379D06D006C313D /* LaunchScreen.storyboard */ = {
			isa = PBXVariantGroup;
			children = (
				691616F82379D06D006C313D /* Base */,
			);
			name = LaunchScreen.storyboard;
			sourceTree = "<group>";
		};
/* End PBXVariantGroup section */

/* Begin XCBuildConfiguration section */
		691617112379D06D006C313D /* Debug */ = {
			isa = XCBuildConfiguration;
			buildSettings = {
				ALWAYS_SEARCH_USER_PATHS = NO;
				CLANG_ANALYZER_NONNULL = YES;
				CLANG_ANALYZER_NUMBER_OBJECT_CONVERSION = YES_AGGRESSIVE;
				CLANG_CXX_LANGUAGE_STANDARD = "gnu++14";
				CLANG_CXX_LIBRARY = "libc++";
				CLANG_ENABLE_MODULES = YES;
				CLANG_ENABLE_OBJC_ARC = YES;
				CLANG_ENABLE_OBJC_WEAK = YES;
				CLANG_WARN_BLOCK_CAPTURE_AUTORELEASING = YES;
				CLANG_WARN_BOOL_CONVERSION = YES;
				CLANG_WARN_COMMA = YES;
				CLANG_WARN_CONSTANT_CONVERSION = YES;
				CLANG_WARN_DEPRECATED_OBJC_IMPLEMENTATIONS = YES;
				CLANG_WARN_DIRECT_OBJC_ISA_USAGE = YES_ERROR;
				CLANG_WARN_DOCUMENTATION_COMMENTS = YES;
				CLANG_WARN_EMPTY_BODY = YES;
				CLANG_WARN_ENUM_CONVERSION = YES;
				CLANG_WARN_INFINITE_RECURSION = YES;
				CLANG_WARN_INT_CONVERSION = YES;
				CLANG_WARN_NON_LITERAL_NULL_CONVERSION = YES;
				CLANG_WARN_OBJC_IMPLICIT_RETAIN_SELF = YES;
				CLANG_WARN_OBJC_LITERAL_CONVERSION = YES;
				CLANG_WARN_OBJC_ROOT_CLASS = YES_ERROR;
				CLANG_WARN_RANGE_LOOP_ANALYSIS = YES;
				CLANG_WARN_STRICT_PROTOTYPES = YES;
				CLANG_WARN_SUSPICIOUS_MOVE = YES;
				CLANG_WARN_UNGUARDED_AVAILABILITY = YES_AGGRESSIVE;
				CLANG_WARN_UNREACHABLE_CODE = YES;
				CLANG_WARN__DUPLICATE_METHOD_MATCH = YES;
				CODE_SIGN_IDENTITY = "iPhone Developer";
				COPY_PHASE_STRIP = NO;
				DEBUG_INFORMATION_FORMAT = dwarf;
				ENABLE_STRICT_OBJC_MSGSEND = YES;
				ENABLE_TESTABILITY = YES;
				GCC_C_LANGUAGE_STANDARD = gnu11;
				GCC_DYNAMIC_NO_PIC = NO;
				GCC_NO_COMMON_BLOCKS = YES;
				GCC_OPTIMIZATION_LEVEL = 0;
				GCC_PREPROCESSOR_DEFINITIONS = (
					"DEBUG=1",
					"$(inherited)",
				);
				GCC_WARN_64_TO_32_BIT_CONVERSION = YES;
				GCC_WARN_ABOUT_RETURN_TYPE = YES_ERROR;
				GCC_WARN_UNDECLARED_SELECTOR = YES;
				GCC_WARN_UNINITIALIZED_AUTOS = YES_AGGRESSIVE;
				GCC_WARN_UNUSED_FUNCTION = YES;
				GCC_WARN_UNUSED_VARIABLE = YES;
				IPHONEOS_DEPLOYMENT_TARGET = 12.0;
				MTL_ENABLE_DEBUG_INFO = INCLUDE_SOURCE;
				MTL_FAST_MATH = YES;
				ONLY_ACTIVE_ARCH = YES;
				SDKROOT = iphoneos;
				SWIFT_ACTIVE_COMPILATION_CONDITIONS = DEBUG;
				SWIFT_OPTIMIZATION_LEVEL = "-Onone";
			};
			name = Debug;
		};
		691617122379D06D006C313D /* Release */ = {
			isa = XCBuildConfiguration;
			buildSettings = {
				ALWAYS_SEARCH_USER_PATHS = NO;
				CLANG_ANALYZER_NONNULL = YES;
				CLANG_ANALYZER_NUMBER_OBJECT_CONVERSION = YES_AGGRESSIVE;
				CLANG_CXX_LANGUAGE_STANDARD = "gnu++14";
				CLANG_CXX_LIBRARY = "libc++";
				CLANG_ENABLE_MODULES = YES;
				CLANG_ENABLE_OBJC_ARC = YES;
				CLANG_ENABLE_OBJC_WEAK = YES;
				CLANG_WARN_BLOCK_CAPTURE_AUTORELEASING = YES;
				CLANG_WARN_BOOL_CONVERSION = YES;
				CLANG_WARN_COMMA = YES;
				CLANG_WARN_CONSTANT_CONVERSION = YES;
				CLANG_WARN_DEPRECATED_OBJC_IMPLEMENTATIONS = YES;
				CLANG_WARN_DIRECT_OBJC_ISA_USAGE = YES_ERROR;
				CLANG_WARN_DOCUMENTATION_COMMENTS = YES;
				CLANG_WARN_EMPTY_BODY = YES;
				CLANG_WARN_ENUM_CONVERSION = YES;
				CLANG_WARN_INFINITE_RECURSION = YES;
				CLANG_WARN_INT_CONVERSION = YES;
				CLANG_WARN_NON_LITERAL_NULL_CONVERSION = YES;
				CLANG_WARN_OBJC_IMPLICIT_RETAIN_SELF = YES;
				CLANG_WARN_OBJC_LITERAL_CONVERSION = YES;
				CLANG_WARN_OBJC_ROOT_CLASS = YES_ERROR;
				CLANG_WARN_RANGE_LOOP_ANALYSIS = YES;
				CLANG_WARN_STRICT_PROTOTYPES = YES;
				CLANG_WARN_SUSPICIOUS_MOVE = YES;
				CLANG_WARN_UNGUARDED_AVAILABILITY = YES_AGGRESSIVE;
				CLANG_WARN_UNREACHABLE_CODE = YES;
				CLANG_WARN__DUPLICATE_METHOD_MATCH = YES;
				CODE_SIGN_IDENTITY = "iPhone Developer";
				COPY_PHASE_STRIP = NO;
				DEBUG_INFORMATION_FORMAT = "dwarf-with-dsym";
				ENABLE_NS_ASSERTIONS = NO;
				ENABLE_STRICT_OBJC_MSGSEND = YES;
				GCC_C_LANGUAGE_STANDARD = gnu11;
				GCC_NO_COMMON_BLOCKS = YES;
				GCC_WARN_64_TO_32_BIT_CONVERSION = YES;
				GCC_WARN_ABOUT_RETURN_TYPE = YES_ERROR;
				GCC_WARN_UNDECLARED_SELECTOR = YES;
				GCC_WARN_UNINITIALIZED_AUTOS = YES_AGGRESSIVE;
				GCC_WARN_UNUSED_FUNCTION = YES;
				GCC_WARN_UNUSED_VARIABLE = YES;
				IPHONEOS_DEPLOYMENT_TARGET = 12.0;
				MTL_ENABLE_DEBUG_INFO = NO;
				MTL_FAST_MATH = YES;
				SDKROOT = iphoneos;
				SWIFT_COMPILATION_MODE = wholemodule;
				SWIFT_OPTIMIZATION_LEVEL = "-O";
				VALIDATE_PRODUCT = YES;
			};
			name = Release;
		};
		691617142379D06D006C313D /* Debug */ = {
			isa = XCBuildConfiguration;
			buildSettings = {
				ASSETCATALOG_COMPILER_APPICON_NAME = AppIcon;
				CODE_SIGN_STYLE = Automatic;
				INFOPLIST_FILE = RooqByte/Info.plist;
				LD_RUNPATH_SEARCH_PATHS = (
					"$(inherited)",
					"@executable_path/Frameworks",
				);
				PRODUCT_BUNDLE_IDENTIFIER = RooqByte.RooqByte;
				PRODUCT_NAME = "$(TARGET_NAME)";
				SWIFT_VERSION = 4.2;
				TARGETED_DEVICE_FAMILY = "1,2";
			};
			name = Debug;
		};
		691617152379D06D006C313D /* Release */ = {
			isa = XCBuildConfiguration;
			buildSettings = {
				ASSETCATALOG_COMPILER_APPICON_NAME = AppIcon;
				CODE_SIGN_STYLE = Automatic;
				INFOPLIST_FILE = RooqByte/Info.plist;
				LD_RUNPATH_SEARCH_PATHS = (
					"$(inherited)",
					"@executable_path/Frameworks",
				);
				PRODUCT_BUNDLE_IDENTIFIER = RooqByte.RooqByte;
				PRODUCT_NAME = "$(TARGET_NAME)";
				SWIFT_VERSION = 4.2;
				TARGETED_DEVICE_FAMILY = "1,2";
			};
			name = Release;
		};
		691617172379D06D006C313D /* Debug */ = {
			isa = XCBuildConfiguration;
			buildSettings = {
				ALWAYS_EMBED_SWIFT_STANDARD_LIBRARIES = YES;
				BUNDLE_LOADER = "$(TEST_HOST)";
				CODE_SIGN_STYLE = Automatic;
				INFOPLIST_FILE = RooqByteTests/Info.plist;
				LD_RUNPATH_SEARCH_PATHS = (
					"$(inherited)",
					"@executable_path/Frameworks",
					"@loader_path/Frameworks",
				);
				PRODUCT_BUNDLE_IDENTIFIER = RooqByte.RooqByteTests;
				PRODUCT_NAME = "$(TARGET_NAME)";
				SWIFT_VERSION = 4.2;
				TARGETED_DEVICE_FAMILY = "1,2";
				TEST_HOST = "$(BUILT_PRODUCTS_DIR)/RooqByte.app/RooqByte";
			};
			name = Debug;
		};
		691617182379D06D006C313D /* Release */ = {
			isa = XCBuildConfiguration;
			buildSettings = {
				ALWAYS_EMBED_SWIFT_STANDARD_LIBRARIES = YES;
				BUNDLE_LOADER = "$(TEST_HOST)";
				CODE_SIGN_STYLE = Automatic;
				INFOPLIST_FILE = RooqByteTests/Info.plist;
				LD_RUNPATH_SEARCH_PATHS = (
					"$(inherited)",
					"@executable_path/Frameworks",
					"@loader_path/Frameworks",
				);
				PRODUCT_BUNDLE_IDENTIFIER = RooqByte.RooqByteTests;
				PRODUCT_NAME = "$(TARGET_NAME)";
				SWIFT_VERSION = 4.2;
				TARGETED_DEVICE_FAMILY = "1,2";
				TEST_HOST = "$(BUILT_PRODUCTS_DIR)/RooqByte.app/RooqByte";
			};
			name = Release;
		};
		6916171A2379D06D006C313D /* Debug */ = {
			isa = XCBuildConfiguration;
			buildSettings = {
				ALWAYS_EMBED_SWIFT_STANDARD_LIBRARIES = YES;
				CODE_SIGN_STYLE = Automatic;
				INFOPLIST_FILE = RooqByteUITests/Info.plist;
				LD_RUNPATH_SEARCH_PATHS = (
					"$(inherited)",
					"@executable_path/Frameworks",
					"@loader_path/Frameworks",
				);
				PRODUCT_BUNDLE_IDENTIFIER = RooqByte.RooqByteUITests;
				PRODUCT_NAME = "$(TARGET_NAME)";
				SWIFT_VERSION = 4.2;
				TARGETED_DEVICE_FAMILY = "1,2";
				TEST_TARGET_NAME = RooqByte;
			};
			name = Debug;
		};
		6916171B2379D06D006C313D /* Release */ = {
			isa = XCBuildConfiguration;
			buildSettings = {
				ALWAYS_EMBED_SWIFT_STANDARD_LIBRARIES = YES;
				CODE_SIGN_STYLE = Automatic;
				INFOPLIST_FILE = RooqByteUITests/Info.plist;
				LD_RUNPATH_SEARCH_PATHS = (
					"$(inherited)",
					"@executable_path/Frameworks",
					"@loader_path/Frameworks",
				);
				PRODUCT_BUNDLE_IDENTIFIER = RooqByte.RooqByteUITests;
				PRODUCT_NAME = "$(TARGET_NAME)";
				SWIFT_VERSION = 4.2;
				TARGETED_DEVICE_FAMILY = "1,2";
				TEST_TARGET_NAME = RooqByte;
			};
			name = Release;
		};
/* End XCBuildConfiguration section */

/* Begin XCConfigurationList section */
		691616E62379D067006C313D /* Build configuration list for PBXProject "RooqByte" */ = {
			isa = XCConfigurationList;
			buildConfigurations = (
				691617112379D06D006C313D /* Debug */,
				691617122379D06D006C313D /* Release */,
			);
			defaultConfigurationIsVisible = 0;
			defaultConfigurationName = Release;
		};
		691617132379D06D006C313D /* Build configuration list for PBXNativeTarget "RooqByte" */ = {
			isa = XCConfigurationList;
			buildConfigurations = (
				691617142379D06D006C313D /* Debug */,
				691617152379D06D006C313D /* Release */,
			);
			defaultConfigurationIsVisible = 0;
			defaultConfigurationName = Release;
		};
		691617162379D06D006C313D /* Build configuration list for PBXNativeTarget "RooqByteTests" */ = {
			isa = XCConfigurationList;
			buildConfigurations = (
				691617172379D06D006C313D /* Debug */,
				691617182379D06D006C313D /* Release */,
			);
			defaultConfigurationIsVisible = 0;
			defaultConfigurationName = Release;
		};
		691617192379D06D006C313D /* Build configuration list for PBXNativeTarget "RooqByteUITests" */ = {
			isa = XCConfigurationList;
			buildConfigurations = (
				6916171A2379D06D006C313D /* Debug */,
				6916171B2379D06D006C313D /* Release */,
			);
			defaultConfigurationIsVisible = 0;
			defaultConfigurationName = Release;
		};
/* End XCConfigurationList section */
	};
	rootObject = 691616E32379D067006C313D /* Project object */;
}
